{
  "name": "fahimlang",
  "version": "1.0.0",
  "lockfileVersion": 3,
  "requires": true,
  "packages": {
    "": {
      "name": "fahimlang",
      "version": "1.0.0",
      "license": "MIT",
      "bin": {
        "fahim": "bin/fahim.js",
        "fm": "bin/fahim.js"
      },
      "engines": {
        "node": ">=14"
      }
    }
  }
}
